
Microsoft Visual Studio Solution File, Format Version 12.00
# Visual Studio 14
VisualStudioVersion = 14.0.25420.1
MinimumVisualStudioVersion = 10.0.40219.1
Project("{2150E333-8FDC-42A3-9474-1A3956D46DE8}") = "10_應用區", "10_應用區", "{2936A1CD-5F9A-4963-814A-9470C3DF0335}"
EndProject
Project("{2150E333-8FDC-42A3-9474-1A3956D46DE8}") = "00_基礎", "00_基礎", "{173B08DF-358C-4F4C-B259-A8A875C106AE}"
EndProject
Project("{2150E333-8FDC-42A3-9474-1A3956D46DE8}") = "90_Solution Items", "90_Solution Items", "{1152976E-0CB3-4A59-BE15-0E0F7142E11B}"
	ProjectSection(SolutionItems) = preProject
		Docs\best-practice-zh-cn.md = Docs\best-practice-zh-cn.md
		Docs\InstallAndDevelopment.md = Docs\InstallAndDevelopment.md
		Docs\README.md = Docs\README.md
		Docs\SQLMemo.md = Docs\SQLMemo.md
	EndProjectSection
	ProjectSection(FolderGlobals) = preProject
		__JSONSchema = 
	EndProjectSection
EndProject
Project("{FAE04EC0-301F-11D3-BF4B-00C04F79EFBC}") = "Hangfire.Topshelf.tests", "Hangfire.Topshelf.tests\Hangfire.Topshelf.tests.csproj", "{7E727B81-4C33-40DF-AC2A-366E4218EFDA}"
EndProject
Project("{2150E333-8FDC-42A3-9474-1A3956D46DE8}") = "80_參考", "80_參考", "{2FA65725-487A-487F-A355-12961629FC8F}"
EndProject
Project("{FAE04EC0-301F-11D3-BF4B-00C04F79EFBC}") = "Hangfire.Framework.Win", "Hangfire.Framework.Win\Hangfire.Framework.Win.csproj", "{BA7B3D02-CBE5-43ED-9328-8AB15F083CF8}"
EndProject
Project("{2150E333-8FDC-42A3-9474-1A3956D46DE8}") = "20_Jobs", "20_Jobs", "{1EDCD82A-CE19-4846-AE5C-DA71FE2583F4}"
EndProject
Project("{FAE04EC0-301F-11D3-BF4B-00C04F79EFBC}") = "SampleJobA", "SampleJobA\SampleJobA.csproj", "{A5501C47-4952-4B10-8B58-D41ED77C371A}"
EndProject
Project("{FAE04EC0-301F-11D3-BF4B-00C04F79EFBC}") = "SyncLogJob", "SyncLogJob\SyncLogJob.csproj", "{4E30C3BD-A4F0-49F4-9FD2-0DDBF5C8BC05}"
EndProject
Project("{FAE04EC0-301F-11D3-BF4B-00C04F79EFBC}") = "SynclogJob.Tests", "SynclogJob.Tests\SynclogJob.Tests.csproj", "{015B2504-7BF4-414D-881A-E56675FA88A6}"
EndProject
Project("{FAE04EC0-301F-11D3-BF4B-00C04F79EFBC}") = "Hangfire.Topshelf.Win", "Hangfire.Topshelf.Win\Hangfire.Topshelf.Win.csproj", "{D9A685EA-5407-4390-9B9A-15DD944FC453}"
EndProject
Project("{2150E333-8FDC-42A3-9474-1A3956D46DE8}") = "30_測試區", "30_測試區", "{686B88F6-C6F6-49D9-BBFF-0F5164A4BAAB}"
EndProject
Project("{FAE04EC0-301F-11D3-BF4B-00C04F79EFBC}") = "SetVCHCFGJob", "SetVCHCFGJob\SetVCHCFGJob.csproj", "{2E956E54-0F1C-477F-B570-669390BD1216}"
EndProject
Project("{FAE04EC0-301F-11D3-BF4B-00C04F79EFBC}") = "SetVCHCFGJob.Tests", "SetVCHCFGJob.Tests\SetVCHCFGJob.Tests.csproj", "{FF5AE316-7B3C-41A1-8B96-59569F271DB2}"
EndProject
Project("{FAE04EC0-301F-11D3-BF4B-00C04F79EFBC}") = "CheckWaterNumberJob", "CheckWaterNumberJob\CheckWaterNumberJob.csproj", "{292A37AE-2630-4CEF-BBFE-5BD589A32F15}"
EndProject
Project("{FAE04EC0-301F-11D3-BF4B-00C04F79EFBC}") = "CheckWaterNumberJobTests", "CheckWaterNumberJobTests\CheckWaterNumberJobTests.csproj", "{0608B0A0-B5A0-4345-9083-E52D4D949555}"
EndProject
Project("{FAE04EC0-301F-11D3-BF4B-00C04F79EFBC}") = "SyncItemJob", "SyncItemJob\SyncItemJob.csproj", "{DCE20616-AA07-4D5E-B8E3-0CF7C0C1B97C}"
EndProject
Project("{FAE04EC0-301F-11D3-BF4B-00C04F79EFBC}") = "RunPowerShellJob", "RunPowerShellJob\RunPowerShellJob.csproj", "{21C154E0-284D-4030-8B8D-A8BD3F78471F}"
EndProject
Project("{FAE04EC0-301F-11D3-BF4B-00C04F79EFBC}") = "SyncItemJobTests", "SyncItemJobTests\SyncItemJobTests.csproj", "{B1671AAA-CC1D-4F6A-A324-E5E9407CC59D}"
EndProject
Global
	GlobalSection(SolutionConfigurationPlatforms) = preSolution
		Debug|Any CPU = Debug|Any CPU
		Release|Any CPU = Release|Any CPU
	EndGlobalSection
	GlobalSection(ProjectConfigurationPlatforms) = postSolution
		{7E727B81-4C33-40DF-AC2A-366E4218EFDA}.Debug|Any CPU.ActiveCfg = Debug|Any CPU
		{7E727B81-4C33-40DF-AC2A-366E4218EFDA}.Debug|Any CPU.Build.0 = Debug|Any CPU
		{7E727B81-4C33-40DF-AC2A-366E4218EFDA}.Release|Any CPU.ActiveCfg = Release|Any CPU
		{7E727B81-4C33-40DF-AC2A-366E4218EFDA}.Release|Any CPU.Build.0 = Release|Any CPU
		{BA7B3D02-CBE5-43ED-9328-8AB15F083CF8}.Debug|Any CPU.ActiveCfg = Debug|Any CPU
		{BA7B3D02-CBE5-43ED-9328-8AB15F083CF8}.Debug|Any CPU.Build.0 = Debug|Any CPU
		{BA7B3D02-CBE5-43ED-9328-8AB15F083CF8}.Release|Any CPU.ActiveCfg = Release|Any CPU
		{BA7B3D02-CBE5-43ED-9328-8AB15F083CF8}.Release|Any CPU.Build.0 = Release|Any CPU
		{A5501C47-4952-4B10-8B58-D41ED77C371A}.Debug|Any CPU.ActiveCfg = Debug|Any CPU
		{A5501C47-4952-4B10-8B58-D41ED77C371A}.Debug|Any CPU.Build.0 = Debug|Any CPU
		{A5501C47-4952-4B10-8B58-D41ED77C371A}.Release|Any CPU.ActiveCfg = Release|Any CPU
		{A5501C47-4952-4B10-8B58-D41ED77C371A}.Release|Any CPU.Build.0 = Release|Any CPU
		{4E30C3BD-A4F0-49F4-9FD2-0DDBF5C8BC05}.Debug|Any CPU.ActiveCfg = Debug|Any CPU
		{4E30C3BD-A4F0-49F4-9FD2-0DDBF5C8BC05}.Debug|Any CPU.Build.0 = Debug|Any CPU
		{4E30C3BD-A4F0-49F4-9FD2-0DDBF5C8BC05}.Release|Any CPU.ActiveCfg = Release|Any CPU
		{4E30C3BD-A4F0-49F4-9FD2-0DDBF5C8BC05}.Release|Any CPU.Build.0 = Release|Any CPU
		{015B2504-7BF4-414D-881A-E56675FA88A6}.Debug|Any CPU.ActiveCfg = Debug|Any CPU
		{015B2504-7BF4-414D-881A-E56675FA88A6}.Debug|Any CPU.Build.0 = Debug|Any CPU
		{015B2504-7BF4-414D-881A-E56675FA88A6}.Release|Any CPU.ActiveCfg = Release|Any CPU
		{015B2504-7BF4-414D-881A-E56675FA88A6}.Release|Any CPU.Build.0 = Release|Any CPU
		{D9A685EA-5407-4390-9B9A-15DD944FC453}.Debug|Any CPU.ActiveCfg = Debug|Any CPU
		{D9A685EA-5407-4390-9B9A-15DD944FC453}.Debug|Any CPU.Build.0 = Debug|Any CPU
		{D9A685EA-5407-4390-9B9A-15DD944FC453}.Release|Any CPU.ActiveCfg = Release|Any CPU
		{D9A685EA-5407-4390-9B9A-15DD944FC453}.Release|Any CPU.Build.0 = Release|Any CPU
		{2E956E54-0F1C-477F-B570-669390BD1216}.Debug|Any CPU.ActiveCfg = Debug|Any CPU
		{2E956E54-0F1C-477F-B570-669390BD1216}.Debug|Any CPU.Build.0 = Debug|Any CPU
		{2E956E54-0F1C-477F-B570-669390BD1216}.Release|Any CPU.ActiveCfg = Release|Any CPU
		{2E956E54-0F1C-477F-B570-669390BD1216}.Release|Any CPU.Build.0 = Release|Any CPU
		{FF5AE316-7B3C-41A1-8B96-59569F271DB2}.Debug|Any CPU.ActiveCfg = Debug|Any CPU
		{FF5AE316-7B3C-41A1-8B96-59569F271DB2}.Debug|Any CPU.Build.0 = Debug|Any CPU
		{FF5AE316-7B3C-41A1-8B96-59569F271DB2}.Release|Any CPU.ActiveCfg = Release|Any CPU
		{FF5AE316-7B3C-41A1-8B96-59569F271DB2}.Release|Any CPU.Build.0 = Release|Any CPU
		{292A37AE-2630-4CEF-BBFE-5BD589A32F15}.Debug|Any CPU.ActiveCfg = Debug|Any CPU
		{292A37AE-2630-4CEF-BBFE-5BD589A32F15}.Debug|Any CPU.Build.0 = Debug|Any CPU
		{292A37AE-2630-4CEF-BBFE-5BD589A32F15}.Release|Any CPU.ActiveCfg = Release|Any CPU
		{292A37AE-2630-4CEF-BBFE-5BD589A32F15}.Release|Any CPU.Build.0 = Release|Any CPU
		{0608B0A0-B5A0-4345-9083-E52D4D949555}.Debug|Any CPU.ActiveCfg = Debug|Any CPU
		{0608B0A0-B5A0-4345-9083-E52D4D949555}.Debug|Any CPU.Build.0 = Debug|Any CPU
		{0608B0A0-B5A0-4345-9083-E52D4D949555}.Release|Any CPU.ActiveCfg = Release|Any CPU
		{0608B0A0-B5A0-4345-9083-E52D4D949555}.Release|Any CPU.Build.0 = Release|Any CPU
		{DCE20616-AA07-4D5E-B8E3-0CF7C0C1B97C}.Debug|Any CPU.ActiveCfg = Debug|Any CPU
		{DCE20616-AA07-4D5E-B8E3-0CF7C0C1B97C}.Debug|Any CPU.Build.0 = Debug|Any CPU
		{DCE20616-AA07-4D5E-B8E3-0CF7C0C1B97C}.Release|Any CPU.ActiveCfg = Release|Any CPU
		{DCE20616-AA07-4D5E-B8E3-0CF7C0C1B97C}.Release|Any CPU.Build.0 = Release|Any CPU
		{21C154E0-284D-4030-8B8D-A8BD3F78471F}.Debug|Any CPU.ActiveCfg = Debug|Any CPU
		{21C154E0-284D-4030-8B8D-A8BD3F78471F}.Debug|Any CPU.Build.0 = Debug|Any CPU
		{21C154E0-284D-4030-8B8D-A8BD3F78471F}.Release|Any CPU.ActiveCfg = Release|Any CPU
		{21C154E0-284D-4030-8B8D-A8BD3F78471F}.Release|Any CPU.Build.0 = Release|Any CPU
		{B1671AAA-CC1D-4F6A-A324-E5E9407CC59D}.Debug|Any CPU.ActiveCfg = Debug|Any CPU
		{B1671AAA-CC1D-4F6A-A324-E5E9407CC59D}.Debug|Any CPU.Build.0 = Debug|Any CPU
		{B1671AAA-CC1D-4F6A-A324-E5E9407CC59D}.Release|Any CPU.ActiveCfg = Release|Any CPU
		{B1671AAA-CC1D-4F6A-A324-E5E9407CC59D}.Release|Any CPU.Build.0 = Release|Any CPU
	EndGlobalSection
	GlobalSection(SolutionProperties) = preSolution
		HideSolutionNode = FALSE
	EndGlobalSection
	GlobalSection(NestedProjects) = preSolution
		{7E727B81-4C33-40DF-AC2A-366E4218EFDA} = {686B88F6-C6F6-49D9-BBFF-0F5164A4BAAB}
		{BA7B3D02-CBE5-43ED-9328-8AB15F083CF8} = {173B08DF-358C-4F4C-B259-A8A875C106AE}
		{A5501C47-4952-4B10-8B58-D41ED77C371A} = {1EDCD82A-CE19-4846-AE5C-DA71FE2583F4}
		{4E30C3BD-A4F0-49F4-9FD2-0DDBF5C8BC05} = {1EDCD82A-CE19-4846-AE5C-DA71FE2583F4}
		{015B2504-7BF4-414D-881A-E56675FA88A6} = {686B88F6-C6F6-49D9-BBFF-0F5164A4BAAB}
		{D9A685EA-5407-4390-9B9A-15DD944FC453} = {2936A1CD-5F9A-4963-814A-9470C3DF0335}
		{2E956E54-0F1C-477F-B570-669390BD1216} = {1EDCD82A-CE19-4846-AE5C-DA71FE2583F4}
		{FF5AE316-7B3C-41A1-8B96-59569F271DB2} = {686B88F6-C6F6-49D9-BBFF-0F5164A4BAAB}
		{292A37AE-2630-4CEF-BBFE-5BD589A32F15} = {1EDCD82A-CE19-4846-AE5C-DA71FE2583F4}
		{0608B0A0-B5A0-4345-9083-E52D4D949555} = {686B88F6-C6F6-49D9-BBFF-0F5164A4BAAB}
		{DCE20616-AA07-4D5E-B8E3-0CF7C0C1B97C} = {1EDCD82A-CE19-4846-AE5C-DA71FE2583F4}
		{21C154E0-284D-4030-8B8D-A8BD3F78471F} = {1EDCD82A-CE19-4846-AE5C-DA71FE2583F4}
		{B1671AAA-CC1D-4F6A-A324-E5E9407CC59D} = {686B88F6-C6F6-49D9-BBFF-0F5164A4BAAB}
	EndGlobalSection
EndGlobal
